// !$*UTF8*$!
{
	archiveVersion = 1;
	classes = {
	};
	objectVersion = 50;
	objects = {

/* Begin PBXBuildFile section */
		20273E252274F0CB0001A884 /* WLProduct.swift in Sources */ = {isa = PBXBuildFile; fileRef = 20273E242274F0CB0001A884 /* WLProduct.swift */; };
		20273E272274F4DD0001A884 /* WLNetworkingManager.swift in Sources */ = {isa = PBXBuildFile; fileRef = 20273E262274F4DD0001A884 /* WLNetworkingManager.swift */; };
		20273E2A2274F5440001A884 /* WLProductParsingTest.swift in Sources */ = {isa = PBXBuildFile; fileRef = 20273E292274F5440001A884 /* WLProductParsingTest.swift */; };
		20273E2C2274F7D90001A884 /* WLProductListViewModel.swift in Sources */ = {isa = PBXBuildFile; fileRef = 20273E2B2274F7D90001A884 /* WLProductListViewModel.swift */; };
		20273E2F2274FDAA0001A884 /* WLJSONLoader.swift in Sources */ = {isa = PBXBuildFile; fileRef = 20273E2E2274FDAA0001A884 /* WLJSONLoader.swift */; };
		20273E312275047D0001A884 /* WLProductSearchViewModel.swift in Sources */ = {isa = PBXBuildFile; fileRef = 20273E302275047D0001A884 /* WLProductSearchViewModel.swift */; };
		20273E33227506110001A884 /* WLExtensions.swift in Sources */ = {isa = PBXBuildFile; fileRef = 20273E32227506110001A884 /* WLExtensions.swift */; };
		20273E36227507F00001A884 /* WLProductTableViewCell.swift in Sources */ = {isa = PBXBuildFile; fileRef = 20273E34227507F00001A884 /* WLProductTableViewCell.swift */; };
		20273E37227507F00001A884 /* WLProductTableViewCell.xib in Resources */ = {isa = PBXBuildFile; fileRef = 20273E35227507F00001A884 /* WLProductTableViewCell.xib */; };
		20273E3922752B580001A884 /* testProduct.json in Resources */ = {isa = PBXBuildFile; fileRef = 20273E3822752B580001A884 /* testProduct.json */; };
		20273E3D227533E40001A884 /* WLProductDetailContainerViewController.swift in Sources */ = {isa = PBXBuildFile; fileRef = 20273E3C227533E40001A884 /* WLProductDetailContainerViewController.swift */; };
		20273E3F227624470001A884 /* WLProductDetailPageViewController.swift in Sources */ = {isa = PBXBuildFile; fileRef = 20273E3E227624470001A884 /* WLProductDetailPageViewController.swift */; };
		207242C0227665D8003F71AD /* WLReviewStarsView.swift in Sources */ = {isa = PBXBuildFile; fileRef = 207242BF227665D8003F71AD /* WLReviewStarsView.swift */; };
		207242C222767431003F71AD /* WLConstants.swift in Sources */ = {isa = PBXBuildFile; fileRef = 207242C122767431003F71AD /* WLConstants.swift */; };
		207242C422769F04003F71AD /* WLProductListFooter.swift in Sources */ = {isa = PBXBuildFile; fileRef = 207242C322769F04003F71AD /* WLProductListFooter.swift */; };
		207242C62276A06B003F71AD /* WLProductListFooter.xib in Resources */ = {isa = PBXBuildFile; fileRef = 207242C52276A06B003F71AD /* WLProductListFooter.xib */; };
		20D2CE652274ED1700CCCD17 /* AppDelegate.swift in Sources */ = {isa = PBXBuildFile; fileRef = 20D2CE642274ED1700CCCD17 /* AppDelegate.swift */; };
		20D2CE672274ED1700CCCD17 /* WLProductListViewController.swift in Sources */ = {isa = PBXBuildFile; fileRef = 20D2CE662274ED1700CCCD17 /* WLProductListViewController.swift */; };
		20D2CE6A2274ED1700CCCD17 /* Main.storyboard in Resources */ = {isa = PBXBuildFile; fileRef = 20D2CE682274ED1700CCCD17 /* Main.storyboard */; };
		20D2CE6C2274ED1900CCCD17 /* Assets.xcassets in Resources */ = {isa = PBXBuildFile; fileRef = 20D2CE6B2274ED1900CCCD17 /* Assets.xcassets */; };
		20D2CE6F2274ED1900CCCD17 /* LaunchScreen.storyboard in Resources */ = {isa = PBXBuildFile; fileRef = 20D2CE6D2274ED1900CCCD17 /* LaunchScreen.storyboard */; };
		8667F0CC91281D5C22CB2024 /* Pods_WalmartLabs_THATests.framework in Frameworks */ = {isa = PBXBuildFile; fileRef = EFC2633E8470C2045390863F /* Pods_WalmartLabs_THATests.framework */; };
		F795BCB2A9B3A9E1BBE360FE /* Pods_WalmartLabs_THA.framework in Frameworks */ = {isa = PBXBuildFile; fileRef = 31644FD1DF407C61F7B48473 /* Pods_WalmartLabs_THA.framework */; };
/* End PBXBuildFile section */

/* Begin PBXContainerItemProxy section */
		20D2CE762274ED1900CCCD17 /* PBXContainerItemProxy */ = {
			isa = PBXContainerItemProxy;
			containerPortal = 20D2CE592274ED1700CCCD17 /* Project object */;
			proxyType = 1;
			remoteGlobalIDString = 20D2CE602274ED1700CCCD17;
			remoteInfo = "WalmartLabs THA";
		};
/* End PBXContainerItemProxy section */

/* Begin PBXFileReference section */
		031C529F936E31D24637B139 /* Pods-WalmartLabs THATests.debug.xcconfig */ = {isa = PBXFileReference; includeInIndex = 1; lastKnownFileType = text.xcconfig; name = "Pods-WalmartLabs THATests.debug.xcconfig"; path = "Target Support Files/Pods-WalmartLabs THATests/Pods-WalmartLabs THATests.debug.xcconfig"; sourceTree = "<group>"; };
		20273E242274F0CB0001A884 /* WLProduct.swift */ = {isa = PBXFileReference; lastKnownFileType = sourcecode.swift; path = WLProduct.swift; sourceTree = "<group>"; };
		20273E262274F4DD0001A884 /* WLNetworkingManager.swift */ = {isa = PBXFileReference; lastKnownFileType = sourcecode.swift; path = WLNetworkingManager.swift; sourceTree = "<group>"; };
		20273E292274F5440001A884 /* WLProductParsingTest.swift */ = {isa = PBXFileReference; lastKnownFileType = sourcecode.swift; path = WLProductParsingTest.swift; sourceTree = "<group>"; };
		20273E2B2274F7D90001A884 /* WLProductListViewModel.swift */ = {isa = PBXFileReference; lastKnownFileType = sourcecode.swift; path = WLProductListViewModel.swift; sourceTree = "<group>"; };
		20273E2E2274FDAA0001A884 /* WLJSONLoader.swift */ = {isa = PBXFileReference; lastKnownFileType = sourcecode.swift; path = WLJSONLoader.swift; sourceTree = "<group>"; };
		20273E302275047D0001A884 /* WLProductSearchViewModel.swift */ = {isa = PBXFileReference; lastKnownFileType = sourcecode.swift; path = WLProductSearchViewModel.swift; sourceTree = "<group>"; };
		20273E32227506110001A884 /* WLExtensions.swift */ = {isa = PBXFileReference; lastKnownFileType = sourcecode.swift; path = WLExtensions.swift; sourceTree = "<group>"; };
		20273E34227507F00001A884 /* WLProductTableViewCell.swift */ = {isa = PBXFileReference; lastKnownFileType = sourcecode.swift; path = WLProductTableViewCell.swift; sourceTree = "<group>"; };
		20273E35227507F00001A884 /* WLProductTableViewCell.xib */ = {isa = PBXFileReference; lastKnownFileType = file.xib; path = WLProductTableViewCell.xib; sourceTree = "<group>"; };
		20273E3822752B580001A884 /* testProduct.json */ = {isa = PBXFileReference; lastKnownFileType = text.json; path = testProduct.json; sourceTree = "<group>"; };
		20273E3C227533E40001A884 /* WLProductDetailContainerViewController.swift */ = {isa = PBXFileReference; lastKnownFileType = sourcecode.swift; path = WLProductDetailContainerViewController.swift; sourceTree = "<group>"; };
		20273E3E227624470001A884 /* WLProductDetailPageViewController.swift */ = {isa = PBXFileReference; lastKnownFileType = sourcecode.swift; path = WLProductDetailPageViewController.swift; sourceTree = "<group>"; };
		207242BF227665D8003F71AD /* WLReviewStarsView.swift */ = {isa = PBXFileReference; lastKnownFileType = sourcecode.swift; path = WLReviewStarsView.swift; sourceTree = "<group>"; };
		207242C122767431003F71AD /* WLConstants.swift */ = {isa = PBXFileReference; lastKnownFileType = sourcecode.swift; path = WLConstants.swift; sourceTree = "<group>"; };
		207242C322769F04003F71AD /* WLProductListFooter.swift */ = {isa = PBXFileReference; lastKnownFileType = sourcecode.swift; path = WLProductListFooter.swift; sourceTree = "<group>"; };
		207242C52276A06B003F71AD /* WLProductListFooter.xib */ = {isa = PBXFileReference; lastKnownFileType = file.xib; path = WLProductListFooter.xib; sourceTree = "<group>"; };
		20D2CE612274ED1700CCCD17 /* WalmartLabs THA.app */ = {isa = PBXFileReference; explicitFileType = wrapper.application; includeInIndex = 0; path = "WalmartLabs THA.app"; sourceTree = BUILT_PRODUCTS_DIR; };
		20D2CE642274ED1700CCCD17 /* AppDelegate.swift */ = {isa = PBXFileReference; lastKnownFileType = sourcecode.swift; path = AppDelegate.swift; sourceTree = "<group>"; };
		20D2CE662274ED1700CCCD17 /* WLProductListViewController.swift */ = {isa = PBXFileReference; lastKnownFileType = sourcecode.swift; path = WLProductListViewController.swift; sourceTree = "<group>"; };
		20D2CE692274ED1700CCCD17 /* Base */ = {isa = PBXFileReference; lastKnownFileType = file.storyboard; name = Base; path = Base.lproj/Main.storyboard; sourceTree = "<group>"; };
		20D2CE6B2274ED1900CCCD17 /* Assets.xcassets */ = {isa = PBXFileReference; lastKnownFileType = folder.assetcatalog; path = Assets.xcassets; sourceTree = "<group>"; };
		20D2CE6E2274ED1900CCCD17 /* Base */ = {isa = PBXFileReference; lastKnownFileType = file.storyboard; name = Base; path = Base.lproj/LaunchScreen.storyboard; sourceTree = "<group>"; };
		20D2CE702274ED1900CCCD17 /* Info.plist */ = {isa = PBXFileReference; lastKnownFileType = text.plist.xml; path = Info.plist; sourceTree = "<group>"; };
		20D2CE752274ED1900CCCD17 /* WalmartLabs THATests.xctest */ = {isa = PBXFileReference; explicitFileType = wrapper.cfbundle; includeInIndex = 0; path = "WalmartLabs THATests.xctest"; sourceTree = BUILT_PRODUCTS_DIR; };
		20D2CE7B2274ED1900CCCD17 /* Info.plist */ = {isa = PBXFileReference; lastKnownFileType = text.plist.xml; path = Info.plist; sourceTree = "<group>"; };
		31644FD1DF407C61F7B48473 /* Pods_WalmartLabs_THA.framework */ = {isa = PBXFileReference; explicitFileType = wrapper.framework; includeInIndex = 0; path = Pods_WalmartLabs_THA.framework; sourceTree = BUILT_PRODUCTS_DIR; };
		53A612EB9280813E4BD7188B /* Pods-WalmartLabs THA.debug.xcconfig */ = {isa = PBXFileReference; includeInIndex = 1; lastKnownFileType = text.xcconfig; name = "Pods-WalmartLabs THA.debug.xcconfig"; path = "Target Support Files/Pods-WalmartLabs THA/Pods-WalmartLabs THA.debug.xcconfig"; sourceTree = "<group>"; };
		7762D42FF6B2D725FE0AD528 /* Pods-WalmartLabs THA.release.xcconfig */ = {isa = PBXFileReference; includeInIndex = 1; lastKnownFileType = text.xcconfig; name = "Pods-WalmartLabs THA.release.xcconfig"; path = "Target Support Files/Pods-WalmartLabs THA/Pods-WalmartLabs THA.release.xcconfig"; sourceTree = "<group>"; };
		B74A0D8C50B6BC61DFEEABE6 /* Pods-WalmartLabs THATests.release.xcconfig */ = {isa = PBXFileReference; includeInIndex = 1; lastKnownFileType = text.xcconfig; name = "Pods-WalmartLabs THATests.release.xcconfig"; path = "Target Support Files/Pods-WalmartLabs THATests/Pods-WalmartLabs THATests.release.xcconfig"; sourceTree = "<group>"; };
		EFC2633E8470C2045390863F /* Pods_WalmartLabs_THATests.framework */ = {isa = PBXFileReference; explicitFileType = wrapper.framework; includeInIndex = 0; path = Pods_WalmartLabs_THATests.framework; sourceTree = BUILT_PRODUCTS_DIR; };
/* End PBXFileReference section */

/* Begin PBXFrameworksBuildPhase section */
		20D2CE5E2274ED1700CCCD17 /* Frameworks */ = {
			isa = PBXFrameworksBuildPhase;
			buildActionMask = 2147483647;
			files = (
				F795BCB2A9B3A9E1BBE360FE /* Pods_WalmartLabs_THA.framework in Frameworks */,
			);
			runOnlyForDeploymentPostprocessing = 0;
		};
		20D2CE722274ED1900CCCD17 /* Frameworks */ = {
			isa = PBXFrameworksBuildPhase;
			buildActionMask = 2147483647;
			files = (
				8667F0CC91281D5C22CB2024 /* Pods_WalmartLabs_THATests.framework in Frameworks */,
			);
			runOnlyForDeploymentPostprocessing = 0;
		};
/* End PBXFrameworksBuildPhase section */

/* Begin PBXGroup section */
		20273E1F2274EFEB0001A884 /* Model */ = {
			isa = PBXGroup;
			children = (
				20273E242274F0CB0001A884 /* WLProduct.swift */,
			);
			path = Model;
			sourceTree = "<group>";
		};
		20273E202274EFEF0001A884 /* Networking */ = {
			isa = PBXGroup;
			children = (
				20273E262274F4DD0001A884 /* WLNetworkingManager.swift */,
			);
			path = Networking;
			sourceTree = "<group>";
		};
		20273E212274EFF60001A884 /* Utils */ = {
			isa = PBXGroup;
			children = (
				20273E32227506110001A884 /* WLExtensions.swift */,
				207242C122767431003F71AD /* WLConstants.swift */,
			);
			path = Utils;
			sourceTree = "<group>";
		};
		20273E222274EFFC0001A884 /* View */ = {
			isa = PBXGroup;
			children = (
				207242BE227665C5003F71AD /* Common */,
				20273E3B227533CD0001A884 /* Detail View */,
				20273E3A227533BD0001A884 /* List View */,
			);
			path = View;
			sourceTree = "<group>";
		};
		20273E232274F0020001A884 /* ViewModel */ = {
			isa = PBXGroup;
			children = (
				20273E2B2274F7D90001A884 /* WLProductListViewModel.swift */,
				20273E302275047D0001A884 /* WLProductSearchViewModel.swift */,
			);
			path = ViewModel;
			sourceTree = "<group>";
		};
		20273E282274F52F0001A884 /* Model */ = {
			isa = PBXGroup;
			children = (
				20273E292274F5440001A884 /* WLProductParsingTest.swift */,
				20273E3822752B580001A884 /* testProduct.json */,
			);
			path = Model;
			sourceTree = "<group>";
		};
		20273E2D2274FD910001A884 /* Utils */ = {
			isa = PBXGroup;
			children = (
				20273E2E2274FDAA0001A884 /* WLJSONLoader.swift */,
			);
			path = Utils;
			sourceTree = "<group>";
		};
		20273E3A227533BD0001A884 /* List View */ = {
			isa = PBXGroup;
			children = (
				20D2CE662274ED1700CCCD17 /* WLProductListViewController.swift */,
				20273E34227507F00001A884 /* WLProductTableViewCell.swift */,
				20273E35227507F00001A884 /* WLProductTableViewCell.xib */,
			);
			path = "List View";
			sourceTree = "<group>";
		};
		20273E3B227533CD0001A884 /* Detail View */ = {
			isa = PBXGroup;
			children = (
				20273E3C227533E40001A884 /* WLProductDetailContainerViewController.swift */,
				20273E3E227624470001A884 /* WLProductDetailPageViewController.swift */,
			);
			path = "Detail View";
			sourceTree = "<group>";
		};
		207242BE227665C5003F71AD /* Common */ = {
			isa = PBXGroup;
			children = (
				207242BF227665D8003F71AD /* WLReviewStarsView.swift */,
				207242C322769F04003F71AD /* WLProductListFooter.swift */,
				207242C52276A06B003F71AD /* WLProductListFooter.xib */,
			);
			path = Common;
			sourceTree = "<group>";
		};
		20D2CE582274ED1700CCCD17 = {
			isa = PBXGroup;
			children = (
				20D2CE632274ED1700CCCD17 /* WalmartLabs THA */,
				20D2CE782274ED1900CCCD17 /* WalmartLabs THATests */,
				20D2CE622274ED1700CCCD17 /* Products */,
				EC8D9A9CD229135064742A74 /* Pods */,
				D756180B8E1A61E90B116A24 /* Frameworks */,
			);
			sourceTree = "<group>";
		};
		20D2CE622274ED1700CCCD17 /* Products */ = {
			isa = PBXGroup;
			children = (
				20D2CE612274ED1700CCCD17 /* WalmartLabs THA.app */,
				20D2CE752274ED1900CCCD17 /* WalmartLabs THATests.xctest */,
			);
			name = Products;
			sourceTree = "<group>";
		};
		20D2CE632274ED1700CCCD17 /* WalmartLabs THA */ = {
			isa = PBXGroup;
			children = (
				20273E1F2274EFEB0001A884 /* Model */,
				20273E222274EFFC0001A884 /* View */,
				20273E232274F0020001A884 /* ViewModel */,
				20273E212274EFF60001A884 /* Utils */,
				20273E202274EFEF0001A884 /* Networking */,
				20D2CE642274ED1700CCCD17 /* AppDelegate.swift */,
				20D2CE682274ED1700CCCD17 /* Main.storyboard */,
				20D2CE6B2274ED1900CCCD17 /* Assets.xcassets */,
				20D2CE6D2274ED1900CCCD17 /* LaunchScreen.storyboard */,
				20D2CE702274ED1900CCCD17 /* Info.plist */,
			);
			path = "WalmartLabs THA";
			sourceTree = "<group>";
		};
		20D2CE782274ED1900CCCD17 /* WalmartLabs THATests */ = {
			isa = PBXGroup;
			children = (
				20273E2D2274FD910001A884 /* Utils */,
				20273E282274F52F0001A884 /* Model */,
				20D2CE7B2274ED1900CCCD17 /* Info.plist */,
			);
			path = "WalmartLabs THATests";
			sourceTree = "<group>";
		};
		D756180B8E1A61E90B116A24 /* Frameworks */ = {
			isa = PBXGroup;
			children = (
				31644FD1DF407C61F7B48473 /* Pods_WalmartLabs_THA.framework */,
				EFC2633E8470C2045390863F /* Pods_WalmartLabs_THATests.framework */,
			);
			name = Frameworks;
			sourceTree = "<group>";
		};
		EC8D9A9CD229135064742A74 /* Pods */ = {
			isa = PBXGroup;
			children = (
				53A612EB9280813E4BD7188B /* Pods-WalmartLabs THA.debug.xcconfig */,
				7762D42FF6B2D725FE0AD528 /* Pods-WalmartLabs THA.release.xcconfig */,
				031C529F936E31D24637B139 /* Pods-WalmartLabs THATests.debug.xcconfig */,
				B74A0D8C50B6BC61DFEEABE6 /* Pods-WalmartLabs THATests.release.xcconfig */,
			);
			path = Pods;
			sourceTree = "<group>";
		};
/* End PBXGroup section */

/* Begin PBXNativeTarget section */
		20D2CE602274ED1700CCCD17 /* WalmartLabs THA */ = {
			isa = PBXNativeTarget;
			buildConfigurationList = 20D2CE7E2274ED1900CCCD17 /* Build configuration list for PBXNativeTarget "WalmartLabs THA" */;
			buildPhases = (
				A5767F9599C627B1495853DC /* [CP] Check Pods Manifest.lock */,
				20D2CE5D2274ED1700CCCD17 /* Sources */,
				20D2CE5E2274ED1700CCCD17 /* Frameworks */,
				20D2CE5F2274ED1700CCCD17 /* Resources */,
				075D41BC4F2F2E6351F477EE /* [CP] Embed Pods Frameworks */,
			);
			buildRules = (
			);
			dependencies = (
			);
			name = "WalmartLabs THA";
			productName = "WalmartLabs THA";
			productReference = 20D2CE612274ED1700CCCD17 /* WalmartLabs THA.app */;
			productType = "com.apple.product-type.application";
		};
		20D2CE742274ED1900CCCD17 /* WalmartLabs THATests */ = {
			isa = PBXNativeTarget;
			buildConfigurationList = 20D2CE812274ED1900CCCD17 /* Build configuration list for PBXNativeTarget "WalmartLabs THATests" */;
			buildPhases = (
				C1E75FCFFB27BB3E6F8FF7F2 /* [CP] Check Pods Manifest.lock */,
				20D2CE712274ED1900CCCD17 /* Sources */,
				20D2CE722274ED1900CCCD17 /* Frameworks */,
				20D2CE732274ED1900CCCD17 /* Resources */,
			);
			buildRules = (
			);
			dependencies = (
				20D2CE772274ED1900CCCD17 /* PBXTargetDependency */,
			);
			name = "WalmartLabs THATests";
			productName = "WalmartLabs THATests";
			productReference = 20D2CE752274ED1900CCCD17 /* WalmartLabs THATests.xctest */;
			productType = "com.apple.product-type.bundle.unit-test";
		};
/* End PBXNativeTarget section */

/* Begin PBXProject section */
		20D2CE592274ED1700CCCD17 /* Project object */ = {
			isa = PBXProject;
			attributes = {
				LastSwiftUpdateCheck = 1010;
				LastUpgradeCheck = 1010;
				ORGANIZATIONNAME = "Edward Bai";
				TargetAttributes = {
					20D2CE602274ED1700CCCD17 = {
						CreatedOnToolsVersion = 10.1;
					};
					20D2CE742274ED1900CCCD17 = {
						CreatedOnToolsVersion = 10.1;
						TestTargetID = 20D2CE602274ED1700CCCD17;
					};
				};
			};
			buildConfigurationList = 20D2CE5C2274ED1700CCCD17 /* Build configuration list for PBXProject "WalmartLabs THA" */;
			compatibilityVersion = "Xcode 9.3";
			developmentRegion = en;
			hasScannedForEncodings = 0;
			knownRegions = (
				en,
				Base,
			);
			mainGroup = 20D2CE582274ED1700CCCD17;
			productRefGroup = 20D2CE622274ED1700CCCD17 /* Products */;
			projectDirPath = "";
			projectRoot = "";
			targets = (
				20D2CE602274ED1700CCCD17 /* WalmartLabs THA */,
				20D2CE742274ED1900CCCD17 /* WalmartLabs THATests */,
			);
		};
/* End PBXProject section */

/* Begin PBXResourcesBuildPhase section */
		20D2CE5F2274ED1700CCCD17 /* Resources */ = {
			isa = PBXResourcesBuildPhase;
			buildActionMask = 2147483647;
			files = (
				20D2CE6F2274ED1900CCCD17 /* LaunchScreen.storyboard in Resources */,
				20D2CE6C2274ED1900CCCD17 /* Assets.xcassets in Resources */,
				20273E37227507F00001A884 /* WLProductTableViewCell.xib in Resources */,
				20D2CE6A2274ED1700CCCD17 /* Main.storyboard in Resources */,
				207242C62276A06B003F71AD /* WLProductListFooter.xib in Resources */,
			);
			runOnlyForDeploymentPostprocessing = 0;
		};
		20D2CE732274ED1900CCCD17 /* Resources */ = {
			isa = PBXResourcesBuildPhase;
			buildActionMask = 2147483647;
			files = (
				20273E3922752B580001A884 /* testProduct.json in Resources */,
			);
			runOnlyForDeploymentPostprocessing = 0;
		};
/* End PBXResourcesBuildPhase section */

/* Begin PBXShellScriptBuildPhase section */
		075D41BC4F2F2E6351F477EE /* [CP] Embed Pods Frameworks */ = {
			isa = PBXShellScriptBuildPhase;
			buildActionMask = 2147483647;
			files = (
			);
			inputFileListPaths = (
			);
			inputPaths = (
				"${PODS_ROOT}/Target Support Files/Pods-WalmartLabs THA/Pods-WalmartLabs THA-frameworks.sh",
				"${BUILT_PRODUCTS_DIR}/Alamofire/Alamofire.framework",
				"${BUILT_PRODUCTS_DIR}/SDWebImage/SDWebImage.framework",
				"${BUILT_PRODUCTS_DIR}/SwiftyJSON/SwiftyJSON.framework",
			);
			name = "[CP] Embed Pods Frameworks";
			outputFileListPaths = (
			);
			outputPaths = (
				"${TARGET_BUILD_DIR}/${FRAMEWORKS_FOLDER_PATH}/Alamofire.framework",
				"${TARGET_BUILD_DIR}/${FRAMEWORKS_FOLDER_PATH}/SDWebImage.framework",
				"${TARGET_BUILD_DIR}/${FRAMEWORKS_FOLDER_PATH}/SwiftyJSON.framework",
			);
			runOnlyForDeploymentPostprocessing = 0;
			shellPath = /bin/sh;
			shellScript = "\"${PODS_ROOT}/Target Support Files/Pods-WalmartLabs THA/Pods-WalmartLabs THA-frameworks.sh\"\n";
			showEnvVarsInLog = 0;
		};
		A5767F9599C627B1495853DC /* [CP] Check Pods Manifest.lock */ = {
			isa = PBXShellScriptBuildPhase;
			buildActionMask = 2147483647;
			files = (
			);
			inputFileListPaths = (
			);
			inputPaths = (
				"${PODS_PODFILE_DIR_PATH}/Podfile.lock",
				"${PODS_ROOT}/Manifest.lock",
			);
			name = "[CP] Check Pods Manifest.lock";
			outputFileListPaths = (
			);
			outputPaths = (
				"$(DERIVED_FILE_DIR)/Pods-WalmartLabs THA-checkManifestLockResult.txt",
			);
			runOnlyForDeploymentPostprocessing = 0;
			shellPath = /bin/sh;
			shellScript = "diff \"${PODS_PODFILE_DIR_PATH}/Podfile.lock\" \"${PODS_ROOT}/Manifest.lock\" > /dev/null\nif [ $? != 0 ] ; then\n    # print error to STDERR\n    echo \"error: The sandbox is not in sync with the Podfile.lock. Run 'pod install' or update your CocoaPods installation.\" >&2\n    exit 1\nfi\n# This output is used by Xcode 'outputs' to avoid re-running this script phase.\necho \"SUCCESS\" > \"${SCRIPT_OUTPUT_FILE_0}\"\n";
			showEnvVarsInLog = 0;
		};
		C1E75FCFFB27BB3E6F8FF7F2 /* [CP] Check Pods Manifest.lock */ = {
			isa = PBXShellScriptBuildPhase;
			buildActionMask = 2147483647;
			files = (
			);
			inputFileListPaths = (
			);
			inputPaths = (
				"${PODS_PODFILE_DIR_PATH}/Podfile.lock",
				"${PODS_ROOT}/Manifest.lock",
			);
			name = "[CP] Check Pods Manifest.lock";
			outputFileListPaths = (
			);
			outputPaths = (
				"$(DERIVED_FILE_DIR)/Pods-WalmartLabs THATests-checkManifestLockResult.txt",
			);
			runOnlyForDeploymentPostprocessing = 0;
			shellPath = /bin/sh;
			shellScript = "diff \"${PODS_PODFILE_DIR_PATH}/Podfile.lock\" \"${PODS_ROOT}/Manifest.lock\" > /dev/null\nif [ $? != 0 ] ; then\n    # print error to STDERR\n    echo \"error: The sandbox is not in sync with the Podfile.lock. Run 'pod install' or update your CocoaPods installation.\" >&2\n    exit 1\nfi\n# This output is used by Xcode 'outputs' to avoid re-running this script phase.\necho \"SUCCESS\" > \"${SCRIPT_OUTPUT_FILE_0}\"\n";
			showEnvVarsInLog = 0;
		};
/* End PBXShellScriptBuildPhase section */

/* Begin PBXSourcesBuildPhase section */
		20D2CE5D2274ED1700CCCD17 /* Sources */ = {
			isa = PBXSourcesBuildPhase;
			buildActionMask = 2147483647;
			files = (
				20D2CE672274ED1700CCCD17 /* WLProductListViewController.swift in Sources */,
				20273E3F227624470001A884 /* WLProductDetailPageViewController.swift in Sources */,
				20273E312275047D0001A884 /* WLProductSearchViewModel.swift in Sources */,
				207242C422769F04003F71AD /* WLProductListFooter.swift in Sources */,
				20273E272274F4DD0001A884 /* WLNetworkingManager.swift in Sources */,
				207242C0227665D8003F71AD /* WLReviewStarsView.swift in Sources */,
				20273E33227506110001A884 /* WLExtensions.swift in Sources */,
				20D2CE652274ED1700CCCD17 /* AppDelegate.swift in Sources */,
				20273E3D227533E40001A884 /* WLProductDetailContainerViewController.swift in Sources */,
				207242C222767431003F71AD /* WLConstants.swift in Sources */,
				20273E252274F0CB0001A884 /* WLProduct.swift in Sources */,
				20273E36227507F00001A884 /* WLProductTableViewCell.swift in Sources */,
				20273E2C2274F7D90001A884 /* WLProductListViewModel.swift in Sources */,
			);
			runOnlyForDeploymentPostprocessing = 0;
		};
		20D2CE712274ED1900CCCD17 /* Sources */ = {
			isa = PBXSourcesBuildPhase;
			buildActionMask = 2147483647;
			files = (
				20273E2F2274FDAA0001A884 /* WLJSONLoader.swift in Sources */,
				20273E2A2274F5440001A884 /* WLProductParsingTest.swift in Sources */,
			);
			runOnlyForDeploymentPostprocessing = 0;
		};
/* End PBXSourcesBuildPhase section */

/* Begin PBXTargetDependency section */
		20D2CE772274ED1900CCCD17 /* PBXTargetDependency */ = {
			isa = PBXTargetDependency;
			target = 20D2CE602274ED1700CCCD17 /* WalmartLabs THA */;
			targetProxy = 20D2CE762274ED1900CCCD17 /* PBXContainerItemProxy */;
		};
/* End PBXTargetDependency section */

/* Begin PBXVariantGroup section */
		20D2CE682274ED1700CCCD17 /* Main.storyboard */ = {
			isa = PBXVariantGroup;
			children = (
				20D2CE692274ED1700CCCD17 /* Base */,
			);
			name = Main.storyboard;
			sourceTree = "<group>";
		};
		20D2CE6D2274ED1900CCCD17 /* LaunchScreen.storyboard */ = {
			isa = PBXVariantGroup;
			children = (
				20D2CE6E2274ED1900CCCD17 /* Base */,
			);
			name = LaunchScreen.storyboard;
			sourceTree = "<group>";
		};
/* End PBXVariantGroup section */

/* Begin XCBuildConfiguration section */
		20D2CE7C2274ED1900CCCD17 /* Debug */ = {
			isa = XCBuildConfiguration;
			buildSettings = {
				ALWAYS_SEARCH_USER_PATHS = NO;
				CLANG_ANALYZER_NONNULL = YES;
				CLANG_ANALYZER_NUMBER_OBJECT_CONVERSION = YES_AGGRESSIVE;
				CLANG_CXX_LANGUAGE_STANDARD = "gnu++14";
				CLANG_CXX_LIBRARY = "libc++";
				CLANG_ENABLE_MODULES = YES;
				CLANG_ENABLE_OBJC_ARC = YES;
				CLANG_ENABLE_OBJC_WEAK = YES;
				CLANG_WARN_BLOCK_CAPTURE_AUTORELEASING = YES;
				CLANG_WARN_BOOL_CONVERSION = YES;
				CLANG_WARN_COMMA = YES;
				CLANG_WARN_CONSTANT_CONVERSION = YES;
				CLANG_WARN_DEPRECATED_OBJC_IMPLEMENTATIONS = YES;
				CLANG_WARN_DIRECT_OBJC_ISA_USAGE = YES_ERROR;
				CLANG_WARN_DOCUMENTATION_COMMENTS = YES;
				CLANG_WARN_EMPTY_BODY = YES;
				CLANG_WARN_ENUM_CONVERSION = YES;
				CLANG_WARN_INFINITE_RECURSION = YES;
				CLANG_WARN_INT_CONVERSION = YES;
				CLANG_WARN_NON_LITERAL_NULL_CONVERSION = YES;
				CLANG_WARN_OBJC_IMPLICIT_RETAIN_SELF = YES;
				CLANG_WARN_OBJC_LITERAL_CONVERSION = YES;
				CLANG_WARN_OBJC_ROOT_CLASS = YES_ERROR;
				CLANG_WARN_RANGE_LOOP_ANALYSIS = YES;
				CLANG_WARN_STRICT_PROTOTYPES = YES;
				CLANG_WARN_SUSPICIOUS_MOVE = YES;
				CLANG_WARN_UNGUARDED_AVAILABILITY = YES_AGGRESSIVE;
				CLANG_WARN_UNREACHABLE_CODE = YES;
				CLANG_WARN__DUPLICATE_METHOD_MATCH = YES;
				CODE_SIGN_IDENTITY = "iPhone Developer";
				COPY_PHASE_STRIP = NO;
				DEBUG_INFORMATION_FORMAT = dwarf;
				ENABLE_STRICT_OBJC_MSGSEND = YES;
				ENABLE_TESTABILITY = YES;
				GCC_C_LANGUAGE_STANDARD = gnu11;
				GCC_DYNAMIC_NO_PIC = NO;
				GCC_NO_COMMON_BLOCKS = YES;
				GCC_OPTIMIZATION_LEVEL = 0;
				GCC_PREPROCESSOR_DEFINITIONS = (
					"DEBUG=1",
					"$(inherited)",
				);
				GCC_WARN_64_TO_32_BIT_CONVERSION = YES;
				GCC_WARN_ABOUT_RETURN_TYPE = YES_ERROR;
				GCC_WARN_UNDECLARED_SELECTOR = YES;
				GCC_WARN_UNINITIALIZED_AUTOS = YES_AGGRESSIVE;
				GCC_WARN_UNUSED_FUNCTION = YES;
				GCC_WARN_UNUSED_VARIABLE = YES;
				IPHONEOS_DEPLOYMENT_TARGET = 12.1;
				MTL_ENABLE_DEBUG_INFO = INCLUDE_SOURCE;
				MTL_FAST_MATH = YES;
				ONLY_ACTIVE_ARCH = YES;
				SDKROOT = iphoneos;
				SWIFT_ACTIVE_COMPILATION_CONDITIONS = DEBUG;
				SWIFT_OPTIMIZATION_LEVEL = "-Onone";
			};
			name = Debug;
		};
		20D2CE7D2274ED1900CCCD17 /* Release */ = {
			isa = XCBuildConfiguration;
			buildSettings = {
				ALWAYS_SEARCH_USER_PATHS = NO;
				CLANG_ANALYZER_NONNULL = YES;
				CLANG_ANALYZER_NUMBER_OBJECT_CONVERSION = YES_AGGRESSIVE;
				CLANG_CXX_LANGUAGE_STANDARD = "gnu++14";
				CLANG_CXX_LIBRARY = "libc++";
				CLANG_ENABLE_MODULES = YES;
				CLANG_ENABLE_OBJC_ARC = YES;
				CLANG_ENABLE_OBJC_WEAK = YES;
				CLANG_WARN_BLOCK_CAPTURE_AUTORELEASING = YES;
				CLANG_WARN_BOOL_CONVERSION = YES;
				CLANG_WARN_COMMA = YES;
				CLANG_WARN_CONSTANT_CONVERSION = YES;
				CLANG_WARN_DEPRECATED_OBJC_IMPLEMENTATIONS = YES;
				CLANG_WARN_DIRECT_OBJC_ISA_USAGE = YES_ERROR;
				CLANG_WARN_DOCUMENTATION_COMMENTS = YES;
				CLANG_WARN_EMPTY_BODY = YES;
				CLANG_WARN_ENUM_CONVERSION = YES;
				CLANG_WARN_INFINITE_RECURSION = YES;
				CLANG_WARN_INT_CONVERSION = YES;
				CLANG_WARN_NON_LITERAL_NULL_CONVERSION = YES;
				CLANG_WARN_OBJC_IMPLICIT_RETAIN_SELF = YES;
				CLANG_WARN_OBJC_LITERAL_CONVERSION = YES;
				CLANG_WARN_OBJC_ROOT_CLASS = YES_ERROR;
				CLANG_WARN_RANGE_LOOP_ANALYSIS = YES;
				CLANG_WARN_STRICT_PROTOTYPES = YES;
				CLANG_WARN_SUSPICIOUS_MOVE = YES;
				CLANG_WARN_UNGUARDED_AVAILABILITY = YES_AGGRESSIVE;
				CLANG_WARN_UNREACHABLE_CODE = YES;
				CLANG_WARN__DUPLICATE_METHOD_MATCH = YES;
				CODE_SIGN_IDENTITY = "iPhone Developer";
				COPY_PHASE_STRIP = NO;
				DEBUG_INFORMATION_FORMAT = "dwarf-with-dsym";
				ENABLE_NS_ASSERTIONS = NO;
				ENABLE_STRICT_OBJC_MSGSEND = YES;
				GCC_C_LANGUAGE_STANDARD = gnu11;
				GCC_NO_COMMON_BLOCKS = YES;
				GCC_WARN_64_TO_32_BIT_CONVERSION = YES;
				GCC_WARN_ABOUT_RETURN_TYPE = YES_ERROR;
				GCC_WARN_UNDECLARED_SELECTOR = YES;
				GCC_WARN_UNINITIALIZED_AUTOS = YES_AGGRESSIVE;
				GCC_WARN_UNUSED_FUNCTION = YES;
				GCC_WARN_UNUSED_VARIABLE = YES;
				IPHONEOS_DEPLOYMENT_TARGET = 12.1;
				MTL_ENABLE_DEBUG_INFO = NO;
				MTL_FAST_MATH = YES;
				SDKROOT = iphoneos;
				SWIFT_COMPILATION_MODE = wholemodule;
				SWIFT_OPTIMIZATION_LEVEL = "-O";
				VALIDATE_PRODUCT = YES;
			};
			name = Release;
		};
		20D2CE7F2274ED1900CCCD17 /* Debug */ = {
			isa = XCBuildConfiguration;
			baseConfigurationReference = 53A612EB9280813E4BD7188B /* Pods-WalmartLabs THA.debug.xcconfig */;
			buildSettings = {
				ASSETCATALOG_COMPILER_APPICON_NAME = AppIcon;
				CODE_SIGN_STYLE = Automatic;
				DEVELOPMENT_TEAM = KNYN428365;
				INFOPLIST_FILE = "WalmartLabs THA/Info.plist";
				LD_RUNPATH_SEARCH_PATHS = (
					"$(inherited)",
					"@executable_path/Frameworks",
				);
				PRODUCT_BUNDLE_IDENTIFIER = "com.edward.walmart.tha.WalmartLabs-THA";
				PRODUCT_NAME = "$(TARGET_NAME)";
				SWIFT_VERSION = 4.2;
				TARGETED_DEVICE_FAMILY = "1,2";
			};
			name = Debug;
		};
		20D2CE802274ED1900CCCD17 /* Release */ = {
			isa = XCBuildConfiguration;
			baseConfigurationReference = 7762D42FF6B2D725FE0AD528 /* Pods-WalmartLabs THA.release.xcconfig */;
			buildSettings = {
				ASSETCATALOG_COMPILER_APPICON_NAME = AppIcon;
				CODE_SIGN_STYLE = Automatic;
				DEVELOPMENT_TEAM = KNYN428365;
				INFOPLIST_FILE = "WalmartLabs THA/Info.plist";
				LD_RUNPATH_SEARCH_PATHS = (
					"$(inherited)",
					"@executable_path/Frameworks",
				);
				PRODUCT_BUNDLE_IDENTIFIER = "com.edward.walmart.tha.WalmartLabs-THA";
				PRODUCT_NAME = "$(TARGET_NAME)";
				SWIFT_VERSION = 4.2;
				TARGETED_DEVICE_FAMILY = "1,2";
			};
			name = Release;
		};
		20D2CE822274ED1900CCCD17 /* Debug */ = {
			isa = XCBuildConfiguration;
			baseConfigurationReference = 031C529F936E31D24637B139 /* Pods-WalmartLabs THATests.debug.xcconfig */;
			buildSettings = {
				ALWAYS_EMBED_SWIFT_STANDARD_LIBRARIES = YES;
				BUNDLE_LOADER = "$(TEST_HOST)";
				CODE_SIGN_STYLE = Automatic;
				DEVELOPMENT_TEAM = KNYN428365;
				INFOPLIST_FILE = "WalmartLabs THATests/Info.plist";
				LD_RUNPATH_SEARCH_PATHS = (
					"$(inherited)",
					"@executable_path/Frameworks",
					"@loader_path/Frameworks",
				);
				PRODUCT_BUNDLE_IDENTIFIER = "com.edward.walmart.tha.WalmartLabs-THATests";
				PRODUCT_NAME = "$(TARGET_NAME)";
				SWIFT_VERSION = 4.2;
				TARGETED_DEVICE_FAMILY = "1,2";
				TEST_HOST = "$(BUILT_PRODUCTS_DIR)/WalmartLabs THA.app/WalmartLabs THA";
			};
			name = Debug;
		};
		20D2CE832274ED1900CCCD17 /* Release */ = {
			isa = XCBuildConfiguration;
			baseConfigurationReference = B74A0D8C50B6BC61DFEEABE6 /* Pods-WalmartLabs THATests.release.xcconfig */;
			buildSettings = {
				ALWAYS_EMBED_SWIFT_STANDARD_LIBRARIES = YES;
				BUNDLE_LOADER = "$(TEST_HOST)";
				CODE_SIGN_STYLE = Automatic;
				DEVELOPMENT_TEAM = KNYN428365;
				INFOPLIST_FILE = "WalmartLabs THATests/Info.plist";
				LD_RUNPATH_SEARCH_PATHS = (
					"$(inherited)",
					"@executable_path/Frameworks",
					"@loader_path/Frameworks",
				);
				PRODUCT_BUNDLE_IDENTIFIER = "com.edward.walmart.tha.WalmartLabs-THATests";
				PRODUCT_NAME = "$(TARGET_NAME)";
				SWIFT_VERSION = 4.2;
				TARGETED_DEVICE_FAMILY = "1,2";
				TEST_HOST = "$(BUILT_PRODUCTS_DIR)/WalmartLabs THA.app/WalmartLabs THA";
			};
			name = Release;
		};
/* End XCBuildConfiguration section */

/* Begin XCConfigurationList section */
		20D2CE5C2274ED1700CCCD17 /* Build configuration list for PBXProject "WalmartLabs THA" */ = {
			isa = XCConfigurationList;
			buildConfigurations = (
				20D2CE7C2274ED1900CCCD17 /* Debug */,
				20D2CE7D2274ED1900CCCD17 /* Release */,
			);
			defaultConfigurationIsVisible = 0;
			defaultConfigurationName = Release;
		};
		20D2CE7E2274ED1900CCCD17 /* Build configuration list for PBXNativeTarget "WalmartLabs THA" */ = {
			isa = XCConfigurationList;
			buildConfigurations = (
				20D2CE7F2274ED1900CCCD17 /* Debug */,
				20D2CE802274ED1900CCCD17 /* Release */,
			);
			defaultConfigurationIsVisible = 0;
			defaultConfigurationName = Release;
		};
		20D2CE812274ED1900CCCD17 /* Build configuration list for PBXNativeTarget "WalmartLabs THATests" */ = {
			isa = XCConfigurationList;
			buildConfigurations = (
				20D2CE822274ED1900CCCD17 /* Debug */,
				20D2CE832274ED1900CCCD17 /* Release */,
			);
			defaultConfigurationIsVisible = 0;
			defaultConfigurationName = Release;
		};
/* End XCConfigurationList section */
	};
	rootObject = 20D2CE592274ED1700CCCD17 /* Project object */;
}
